<?xml version="1.0"?>
<Project ToolsVersion="4.0" xmlns="http://schemas.microsoft.com/developer/msbuild/2003">
	<ItemGroup>
		<ClCompile Include="src\ofApp.cpp">
			<Filter>src</Filter>
		</ClCompile>
		<ClCompile Include="src\main.cpp">
			<Filter>src</Filter>
		</ClCompile>
		<ClCompile Include="..\..\..\addons\ofxAssimpModelLoader\src\ofxAssimpAnimation.cpp">
			<Filter>addons\ofxAssimpModelLoader\src</Filter>
		</ClCompile>
		<ClCompile Include="..\..\..\addons\ofxAssimpModelLoader\src\ofxAssimpMeshHelper.cpp">
			<Filter>addons\ofxAssimpModelLoader\src</Filter>
		</ClCompile>
		<ClCompile Include="..\..\..\addons\ofxAssimpModelLoader\src\ofxAssimpModelLoader.cpp">
			<Filter>addons\ofxAssimpModelLoader\src</Filter>
		</ClCompile>
		<ClCompile Include="..\..\..\addons\ofxAssimpModelLoader\src\ofxAssimpTexture.cpp">
			<Filter>addons\ofxAssimpModelLoader\src</Filter>
		</ClCompile>
		<ClCompile Include="..\..\..\addons\ofxFontStash-master\src\ofxFontStash.cpp">
			<Filter>addons\ofxFontStash-master\src</Filter>
		</ClCompile>
		<ClCompile Include="..\..\..\addons\ofxFontStash-master\libs\fontstash\src\fontstash.c">
			<Filter>addons\ofxFontStash-master\libs\fontstash\src</Filter>
		</ClCompile>
		<ClCompile Include="..\..\..\addons\ofxFontStash-master\libs\fontstash\src\stb_truetype.c">
			<Filter>addons\ofxFontStash-master\libs\fontstash\src</Filter>
		</ClCompile>
		<ClCompile Include="..\..\..\addons\ofxUI-master\src\ofxUI2DGraph.cpp">
			<Filter>addons\ofxUI-master\src</Filter>
		</ClCompile>
		<ClCompile Include="..\..\..\addons\ofxUI-master\src\ofxUI2DPad.cpp">
			<Filter>addons\ofxUI-master\src</Filter>
		</ClCompile>
		<ClCompile Include="..\..\..\addons\ofxUI-master\src\ofxUIBaseDraws.cpp">
			<Filter>addons\ofxUI-master\src</Filter>
		</ClCompile>
		<ClCompile Include="..\..\..\addons\ofxUI-master\src\ofxUIBiLabelSlider.cpp">
			<Filter>addons\ofxUI-master\src</Filter>
		</ClCompile>
		<ClCompile Include="..\..\..\addons\ofxUI-master\src\ofxUIButton.cpp">
			<Filter>addons\ofxUI-master\src</Filter>
		</ClCompile>
		<ClCompile Include="..\..\..\addons\ofxUI-master\src\ofxUICanvas.cpp">
			<Filter>addons\ofxUI-master\src</Filter>
		</ClCompile>
		<ClCompile Include="..\..\..\addons\ofxUI-master\src\ofxUICircleSlider.cpp">
			<Filter>addons\ofxUI-master\src</Filter>
		</ClCompile>
		<ClCompile Include="..\..\..\addons\ofxUI-master\src\ofxUIDragableLabelButton.cpp">
			<Filter>addons\ofxUI-master\src</Filter>
		</ClCompile>
		<ClCompile Include="..\..\..\addons\ofxUI-master\src\ofxUIDropDownList.cpp">
			<Filter>addons\ofxUI-master\src</Filter>
		</ClCompile>
		<ClCompile Include="..\..\..\addons\ofxUI-master\src\ofxUIEventArgs.cpp">
			<Filter>addons\ofxUI-master\src</Filter>
		</ClCompile>
		<ClCompile Include="..\..\..\addons\ofxUI-master\src\ofxUIFPS.cpp">
			<Filter>addons\ofxUI-master\src</Filter>
		</ClCompile>
		<ClCompile Include="..\..\..\addons\ofxUI-master\src\ofxUIFPSSlider.cpp">
			<Filter>addons\ofxUI-master\src</Filter>
		</ClCompile>
		<ClCompile Include="..\..\..\addons\ofxUI-master\src\ofxUIImage.cpp">
			<Filter>addons\ofxUI-master\src</Filter>
		</ClCompile>
		<ClCompile Include="..\..\..\addons\ofxUI-master\src\ofxUIImageButton.cpp">
			<Filter>addons\ofxUI-master\src</Filter>
		</ClCompile>
		<ClCompile Include="..\..\..\addons\ofxUI-master\src\ofxUIImageSampler.cpp">
			<Filter>addons\ofxUI-master\src</Filter>
		</ClCompile>
		<ClCompile Include="..\..\..\addons\ofxUI-master\src\ofxUIImageSlider.cpp">
			<Filter>addons\ofxUI-master\src</Filter>
		</ClCompile>
		<ClCompile Include="..\..\..\addons\ofxUI-master\src\ofxUIImageToggle.cpp">
			<Filter>addons\ofxUI-master\src</Filter>
		</ClCompile>
		<ClCompile Include="..\..\..\addons\ofxUI-master\src\ofxUILabel.cpp">
			<Filter>addons\ofxUI-master\src</Filter>
		</ClCompile>
		<ClCompile Include="..\..\..\addons\ofxUI-master\src\ofxUILabelButton.cpp">
			<Filter>addons\ofxUI-master\src</Filter>
		</ClCompile>
		<ClCompile Include="..\..\..\addons\ofxUI-master\src\ofxUILabelToggle.cpp">
			<Filter>addons\ofxUI-master\src</Filter>
		</ClCompile>
		<ClCompile Include="..\..\..\addons\ofxUI-master\src\ofxUIMinimalSlider.cpp">
			<Filter>addons\ofxUI-master\src</Filter>
		</ClCompile>
		<ClCompile Include="..\..\..\addons\ofxUI-master\src\ofxUIMovingGraph.cpp">
			<Filter>addons\ofxUI-master\src</Filter>
		</ClCompile>
		<ClCompile Include="..\..\..\addons\ofxUI-master\src\ofxUIMultiImageButton.cpp">
			<Filter>addons\ofxUI-master\src</Filter>
		</ClCompile>
		<ClCompile Include="..\..\..\addons\ofxUI-master\src\ofxUIMultiImageToggle.cpp">
			<Filter>addons\ofxUI-master\src</Filter>
		</ClCompile>
		<ClCompile Include="..\..\..\addons\ofxUI-master\src\ofxUINumberDialer.cpp">
			<Filter>addons\ofxUI-master\src</Filter>
		</ClCompile>
		<ClCompile Include="..\..\..\addons\ofxUI-master\src\ofxUIRadio.cpp">
			<Filter>addons\ofxUI-master\src</Filter>
		</ClCompile>
		<ClCompile Include="..\..\..\addons\ofxUI-master\src\ofxUIRangeSlider.cpp">
			<Filter>addons\ofxUI-master\src</Filter>
		</ClCompile>
		<ClCompile Include="..\..\..\addons\ofxUI-master\src\ofxUIRectangle.cpp">
			<Filter>addons\ofxUI-master\src</Filter>
		</ClCompile>
		<ClCompile Include="..\..\..\addons\ofxUI-master\src\ofxUIRotarySlider.cpp">
			<Filter>addons\ofxUI-master\src</Filter>
		</ClCompile>
		<ClCompile Include="..\..\..\addons\ofxUI-master\src\ofxUIScrollableCanvas.cpp">
			<Filter>addons\ofxUI-master\src</Filter>
		</ClCompile>
		<ClCompile Include="..\..\..\addons\ofxUI-master\src\ofxUISlider.cpp">
			<Filter>addons\ofxUI-master\src</Filter>
		</ClCompile>
		<ClCompile Include="..\..\..\addons\ofxUI-master\src\ofxUISortableList.cpp">
			<Filter>addons\ofxUI-master\src</Filter>
		</ClCompile>
		<ClCompile Include="..\..\..\addons\ofxUI-master\src\ofxUISpacer.cpp">
			<Filter>addons\ofxUI-master\src</Filter>
		</ClCompile>
		<ClCompile Include="..\..\..\addons\ofxUI-master\src\ofxUISpectrum.cpp">
			<Filter>addons\ofxUI-master\src</Filter>
		</ClCompile>
		<ClCompile Include="..\..\..\addons\ofxUI-master\src\ofxUISuperCanvas.cpp">
			<Filter>addons\ofxUI-master\src</Filter>
		</ClCompile>
		<ClCompile Include="..\..\..\addons\ofxUI-master\src\ofxUITabBar.cpp">
			<Filter>addons\ofxUI-master\src</Filter>
		</ClCompile>
		<ClCompile Include="..\..\..\addons\ofxUI-master\src\ofxUITextArea.cpp">
			<Filter>addons\ofxUI-master\src</Filter>
		</ClCompile>
		<ClCompile Include="..\..\..\addons\ofxUI-master\src\ofxUITextInput.cpp">
			<Filter>addons\ofxUI-master\src</Filter>
		</ClCompile>
		<ClCompile Include="..\..\..\addons\ofxUI-master\src\ofxUIToggle.cpp">
			<Filter>addons\ofxUI-master\src</Filter>
		</ClCompile>
		<ClCompile Include="..\..\..\addons\ofxUI-master\src\ofxUIToggleMatrix.cpp">
			<Filter>addons\ofxUI-master\src</Filter>
		</ClCompile>
		<ClCompile Include="..\..\..\addons\ofxUI-master\src\ofxUIValuePlotter.cpp">
			<Filter>addons\ofxUI-master\src</Filter>
		</ClCompile>
		<ClCompile Include="..\..\..\addons\ofxUI-master\src\ofxUIWaveform.cpp">
			<Filter>addons\ofxUI-master\src</Filter>
		</ClCompile>
		<ClCompile Include="..\..\..\addons\ofxUI-master\src\ofxUIWidget.cpp">
			<Filter>addons\ofxUI-master\src</Filter>
		</ClCompile>
		<ClCompile Include="..\..\..\addons\ofxUI-master\src\ofxUIWidgetWithLabel.cpp">
			<Filter>addons\ofxUI-master\src</Filter>
		</ClCompile>
		<ClCompile Include="..\..\..\addons\ofxXmlSettings\src\ofxXmlSettings.cpp">
			<Filter>addons\ofxXmlSettings\src</Filter>
		</ClCompile>
		<ClCompile Include="..\..\..\addons\ofxXmlSettings\libs\tinyxml.cpp">
			<Filter>addons\ofxXmlSettings\libs</Filter>
		</ClCompile>
		<ClCompile Include="..\..\..\addons\ofxXmlSettings\libs\tinyxmlerror.cpp">
			<Filter>addons\ofxXmlSettings\libs</Filter>
		</ClCompile>
		<ClCompile Include="..\..\..\addons\ofxXmlSettings\libs\tinyxmlparser.cpp">
			<Filter>addons\ofxXmlSettings\libs</Filter>
		</ClCompile>
	</ItemGroup>
	<ItemGroup>
		<Filter Include="src">
			<UniqueIdentifier>{d8376475-7454-4a24-b08a-aac121d3ad6f}</UniqueIdentifier>
		</Filter>
		<Filter Include="addons">
			<UniqueIdentifier>{71834F65-F3A9-211E-73B8-DC85}</UniqueIdentifier>
		</Filter>
		<Filter Include="addons\ofxAssimpModelLoader">
			<UniqueIdentifier>{DE65D9F7-840A-CD0A-A555-EA3B}</UniqueIdentifier>
		</Filter>
		<Filter Include="addons\ofxAssimpModelLoader\src">
			<UniqueIdentifier>{B84008DC-4B5E-271B-05DA-D8C8}</UniqueIdentifier>
		</Filter>
		<Filter Include="addons\ofxAssimpModelLoader\libs">
			<UniqueIdentifier>{3D854F79-FA4A-75FA-FC0A-2B25}</UniqueIdentifier>
		</Filter>
		<Filter Include="addons\ofxAssimpModelLoader\libs\assimp">
			<UniqueIdentifier>{FE8B5295-D3A7-B9CD-89C9-2613}</UniqueIdentifier>
		</Filter>
		<Filter Include="addons\ofxAssimpModelLoader\libs\assimp\include">
			<UniqueIdentifier>{EDC34C4F-5D44-FB76-337E-EE48}</UniqueIdentifier>
		</Filter>
		<Filter Include="addons\ofxAssimpModelLoader\libs\assimp\include\assimp">
			<UniqueIdentifier>{E66BABFA-76A1-EB8D-40FF-B940}</UniqueIdentifier>
		</Filter>
		<Filter Include="addons\ofxAssimpModelLoader\libs\assimp\include\assimp\Compiler">
			<UniqueIdentifier>{A0C31C2E-6C01-8850-3B72-C818}</UniqueIdentifier>
		</Filter>
		<Filter Include="addons\ofxFontStash-master">
			<UniqueIdentifier>{4A49F279-9CA2-D809-B517-1909}</UniqueIdentifier>
		</Filter>
		<Filter Include="addons\ofxFontStash-master\src">
			<UniqueIdentifier>{CEAD7081-3564-80BF-2C48-6D95}</UniqueIdentifier>
		</Filter>
		<Filter Include="addons\ofxFontStash-master\libs">
			<UniqueIdentifier>{FDA6D17F-55CB-533B-0584-184A}</UniqueIdentifier>
		</Filter>
		<Filter Include="addons\ofxFontStash-master\libs\fontstash">
			<UniqueIdentifier>{6BFA5D8C-E2E5-F9C6-FDAF-4FB0}</UniqueIdentifier>
		</Filter>
		<Filter Include="addons\ofxFontStash-master\libs\fontstash\src">
			<UniqueIdentifier>{F0383575-3180-E444-89DE-6423}</UniqueIdentifier>
		</Filter>
		<Filter Include="addons\ofxUI-master">
			<UniqueIdentifier>{36D45F91-0FF6-12A3-AEB4-B08F}</UniqueIdentifier>
		</Filter>
		<Filter Include="addons\ofxUI-master\src">
			<UniqueIdentifier>{72A097A0-C975-1BC5-A7E5-D3B5}</UniqueIdentifier>
		</Filter>
		<Filter Include="addons\ofxXmlSettings">
			<UniqueIdentifier>{877F005D-13E6-0592-1D97-F2E3}</UniqueIdentifier>
		</Filter>
		<Filter Include="addons\ofxXmlSettings\src">
			<UniqueIdentifier>{CCB2AC63-49D2-977C-CFE8-AEAD}</UniqueIdentifier>
		</Filter>
		<Filter Include="addons\ofxXmlSettings\libs">
			<UniqueIdentifier>{687714A8-1662-FA1C-261F-50F0}</UniqueIdentifier>
		</Filter>
	</ItemGroup>
	<ItemGroup>
		<ClInclude Include="src\ofApp.h">
			<Filter>src</Filter>
		</ClInclude>
		<ClInclude Include="..\..\..\addons\ofxAssimpModelLoader\src\ofxAssimpAnimation.h">
			<Filter>addons\ofxAssimpModelLoader\src</Filter>
		</ClInclude>
		<ClInclude Include="..\..\..\addons\ofxAssimpModelLoader\src\ofxAssimpMeshHelper.h">
			<Filter>addons\ofxAssimpModelLoader\src</Filter>
		</ClInclude>
		<ClInclude Include="..\..\..\addons\ofxAssimpModelLoader\src\ofxAssimpModelLoader.h">
			<Filter>addons\ofxAssimpModelLoader\src</Filter>
		</ClInclude>
		<ClInclude Include="..\..\..\addons\ofxAssimpModelLoader\src\ofxAssimpTexture.h">
			<Filter>addons\ofxAssimpModelLoader\src</Filter>
		</ClInclude>
		<ClInclude Include="..\..\..\addons\ofxAssimpModelLoader\src\ofxAssimpUtils.h">
			<Filter>addons\ofxAssimpModelLoader\src</Filter>
		</ClInclude>
		<ClInclude Include="..\..\..\addons\ofxAssimpModelLoader\libs\assimp\include\assimp\ai_assert.h">
			<Filter>addons\ofxAssimpModelLoader\libs\assimp\include\assimp</Filter>
		</ClInclude>
		<ClInclude Include="..\..\..\addons\ofxAssimpModelLoader\libs\assimp\include\assimp\anim.h">
			<Filter>addons\ofxAssimpModelLoader\libs\assimp\include\assimp</Filter>
		</ClInclude>
		<ClInclude Include="..\..\..\addons\ofxAssimpModelLoader\libs\assimp\include\assimp\camera.h">
			<Filter>addons\ofxAssimpModelLoader\libs\assimp\include\assimp</Filter>
		</ClInclude>
		<ClInclude Include="..\..\..\addons\ofxAssimpModelLoader\libs\assimp\include\assimp\cexport.h">
			<Filter>addons\ofxAssimpModelLoader\libs\assimp\include\assimp</Filter>
		</ClInclude>
		<ClInclude Include="..\..\..\addons\ofxAssimpModelLoader\libs\assimp\include\assimp\cfileio.h">
			<Filter>addons\ofxAssimpModelLoader\libs\assimp\include\assimp</Filter>
		</ClInclude>
		<ClInclude Include="..\..\..\addons\ofxAssimpModelLoader\libs\assimp\include\assimp\cimport.h">
			<Filter>addons\ofxAssimpModelLoader\libs\assimp\include\assimp</Filter>
		</ClInclude>
		<ClInclude Include="..\..\..\addons\ofxAssimpModelLoader\libs\assimp\include\assimp\color4.h">
			<Filter>addons\ofxAssimpModelLoader\libs\assimp\include\assimp</Filter>
		</ClInclude>
		<ClInclude Include="..\..\..\addons\ofxAssimpModelLoader\libs\assimp\include\assimp\Compiler\poppack1.h">
			<Filter>addons\ofxAssimpModelLoader\libs\assimp\include\assimp\Compiler</Filter>
		</ClInclude>
		<ClInclude Include="..\..\..\addons\ofxAssimpModelLoader\libs\assimp\include\assimp\Compiler\pstdint.h">
			<Filter>addons\ofxAssimpModelLoader\libs\assimp\include\assimp\Compiler</Filter>
		</ClInclude>
		<ClInclude Include="..\..\..\addons\ofxAssimpModelLoader\libs\assimp\include\assimp\Compiler\pushpack1.h">
			<Filter>addons\ofxAssimpModelLoader\libs\assimp\include\assimp\Compiler</Filter>
		</ClInclude>
		<ClInclude Include="..\..\..\addons\ofxAssimpModelLoader\libs\assimp\include\assimp\config.h">
			<Filter>addons\ofxAssimpModelLoader\libs\assimp\include\assimp</Filter>
		</ClInclude>
		<ClInclude Include="..\..\..\addons\ofxAssimpModelLoader\libs\assimp\include\assimp\DefaultLogger.hpp">
			<Filter>addons\ofxAssimpModelLoader\libs\assimp\include\assimp</Filter>
		</ClInclude>
		<ClInclude Include="..\..\..\addons\ofxAssimpModelLoader\libs\assimp\include\assimp\defs.h">
			<Filter>addons\ofxAssimpModelLoader\libs\assimp\include\assimp</Filter>
		</ClInclude>
		<ClInclude Include="..\..\..\addons\ofxAssimpModelLoader\libs\assimp\include\assimp\Exporter.hpp">
			<Filter>addons\ofxAssimpModelLoader\libs\assimp\include\assimp</Filter>
		</ClInclude>
		<ClInclude Include="..\..\..\addons\ofxAssimpModelLoader\libs\assimp\include\assimp\Importer.hpp">
			<Filter>addons\ofxAssimpModelLoader\libs\assimp\include\assimp</Filter>
		</ClInclude>
		<ClInclude Include="..\..\..\addons\ofxAssimpModelLoader\libs\assimp\include\assimp\importerdesc.h">
			<Filter>addons\ofxAssimpModelLoader\libs\assimp\include\assimp</Filter>
		</ClInclude>
		<ClInclude Include="..\..\..\addons\ofxAssimpModelLoader\libs\assimp\include\assimp\IOStream.hpp">
			<Filter>addons\ofxAssimpModelLoader\libs\assimp\include\assimp</Filter>
		</ClInclude>
		<ClInclude Include="..\..\..\addons\ofxAssimpModelLoader\libs\assimp\include\assimp\IOSystem.hpp">
			<Filter>addons\ofxAssimpModelLoader\libs\assimp\include\assimp</Filter>
		</ClInclude>
		<ClInclude Include="..\..\..\addons\ofxAssimpModelLoader\libs\assimp\include\assimp\light.h">
			<Filter>addons\ofxAssimpModelLoader\libs\assimp\include\assimp</Filter>
		</ClInclude>
		<ClInclude Include="..\..\..\addons\ofxAssimpModelLoader\libs\assimp\include\assimp\Logger.hpp">
			<Filter>addons\ofxAssimpModelLoader\libs\assimp\include\assimp</Filter>
		</ClInclude>
		<ClInclude Include="..\..\..\addons\ofxAssimpModelLoader\libs\assimp\include\assimp\LogStream.hpp">
			<Filter>addons\ofxAssimpModelLoader\libs\assimp\include\assimp</Filter>
		</ClInclude>
		<ClInclude Include="..\..\..\addons\ofxAssimpModelLoader\libs\assimp\include\assimp\material.h">
			<Filter>addons\ofxAssimpModelLoader\libs\assimp\include\assimp</Filter>
		</ClInclude>
		<ClInclude Include="..\..\..\addons\ofxAssimpModelLoader\libs\assimp\include\assimp\matrix3x3.h">
			<Filter>addons\ofxAssimpModelLoader\libs\assimp\include\assimp</Filter>
		</ClInclude>
		<ClInclude Include="..\..\..\addons\ofxAssimpModelLoader\libs\assimp\include\assimp\matrix4x4.h">
			<Filter>addons\ofxAssimpModelLoader\libs\assimp\include\assimp</Filter>
		</ClInclude>
		<ClInclude Include="..\..\..\addons\ofxAssimpModelLoader\libs\assimp\include\assimp\mesh.h">
			<Filter>addons\ofxAssimpModelLoader\libs\assimp\include\assimp</Filter>
		</ClInclude>
		<ClInclude Include="..\..\..\addons\ofxAssimpModelLoader\libs\assimp\include\assimp\metadata.h">
			<Filter>addons\ofxAssimpModelLoader\libs\assimp\include\assimp</Filter>
		</ClInclude>
		<ClInclude Include="..\..\..\addons\ofxAssimpModelLoader\libs\assimp\include\assimp\NullLogger.hpp">
			<Filter>addons\ofxAssimpModelLoader\libs\assimp\include\assimp</Filter>
		</ClInclude>
		<ClInclude Include="..\..\..\addons\ofxAssimpModelLoader\libs\assimp\include\assimp\postprocess.h">
			<Filter>addons\ofxAssimpModelLoader\libs\assimp\include\assimp</Filter>
		</ClInclude>
		<ClInclude Include="..\..\..\addons\ofxAssimpModelLoader\libs\assimp\include\assimp\ProgressHandler.hpp">
			<Filter>addons\ofxAssimpModelLoader\libs\assimp\include\assimp</Filter>
		</ClInclude>
		<ClInclude Include="..\..\..\addons\ofxAssimpModelLoader\libs\assimp\include\assimp\quaternion.h">
			<Filter>addons\ofxAssimpModelLoader\libs\assimp\include\assimp</Filter>
		</ClInclude>
		<ClInclude Include="..\..\..\addons\ofxAssimpModelLoader\libs\assimp\include\assimp\scene.h">
			<Filter>addons\ofxAssimpModelLoader\libs\assimp\include\assimp</Filter>
		</ClInclude>
		<ClInclude Include="..\..\..\addons\ofxAssimpModelLoader\libs\assimp\include\assimp\texture.h">
			<Filter>addons\ofxAssimpModelLoader\libs\assimp\include\assimp</Filter>
		</ClInclude>
		<ClInclude Include="..\..\..\addons\ofxAssimpModelLoader\libs\assimp\include\assimp\types.h">
			<Filter>addons\ofxAssimpModelLoader\libs\assimp\include\assimp</Filter>
		</ClInclude>
		<ClInclude Include="..\..\..\addons\ofxAssimpModelLoader\libs\assimp\include\assimp\vector2.h">
			<Filter>addons\ofxAssimpModelLoader\libs\assimp\include\assimp</Filter>
		</ClInclude>
		<ClInclude Include="..\..\..\addons\ofxAssimpModelLoader\libs\assimp\include\assimp\vector3.h">
			<Filter>addons\ofxAssimpModelLoader\libs\assimp\include\assimp</Filter>
		</ClInclude>
		<ClInclude Include="..\..\..\addons\ofxAssimpModelLoader\libs\assimp\include\assimp\version.h">
			<Filter>addons\ofxAssimpModelLoader\libs\assimp\include\assimp</Filter>
		</ClInclude>
		<ClInclude Include="..\..\..\addons\ofxFontStash-master\src\ofxFontStash.h">
			<Filter>addons\ofxFontStash-master\src</Filter>
		</ClInclude>
		<ClInclude Include="..\..\..\addons\ofxFontStash-master\libs\fontstash\src\fontstash.h">
			<Filter>addons\ofxFontStash-master\libs\fontstash\src</Filter>
		</ClInclude>
		<ClInclude Include="..\..\..\addons\ofxFontStash-master\libs\fontstash\src\stb_truetype.h">
			<Filter>addons\ofxFontStash-master\libs\fontstash\src</Filter>
		</ClInclude>
		<ClInclude Include="..\..\..\addons\ofxUI-master\src\ofxUI.h">
			<Filter>addons\ofxUI-master\src</Filter>
		</ClInclude>
		<ClInclude Include="..\..\..\addons\ofxUI-master\src\ofxUI2DGraph.h">
			<Filter>addons\ofxUI-master\src</Filter>
		</ClInclude>
		<ClInclude Include="..\..\..\addons\ofxUI-master\src\ofxUI2DPad.h">
			<Filter>addons\ofxUI-master\src</Filter>
		</ClInclude>
		<ClInclude Include="..\..\..\addons\ofxUI-master\src\ofxUIBaseDraws.h">
			<Filter>addons\ofxUI-master\src</Filter>
		</ClInclude>
		<ClInclude Include="..\..\..\addons\ofxUI-master\src\ofxUIBiLabelSlider.h">
			<Filter>addons\ofxUI-master\src</Filter>
		</ClInclude>
		<ClInclude Include="..\..\..\addons\ofxUI-master\src\ofxUIButton.h">
			<Filter>addons\ofxUI-master\src</Filter>
		</ClInclude>
		<ClInclude Include="..\..\..\addons\ofxUI-master\src\ofxUICanvas.h">
			<Filter>addons\ofxUI-master\src</Filter>
		</ClInclude>
		<ClInclude Include="..\..\..\addons\ofxUI-master\src\ofxUICircleSlider.h">
			<Filter>addons\ofxUI-master\src</Filter>
		</ClInclude>
		<ClInclude Include="..\..\..\addons\ofxUI-master\src\ofxUIDefines.h">
			<Filter>addons\ofxUI-master\src</Filter>
		</ClInclude>
		<ClInclude Include="..\..\..\addons\ofxUI-master\src\ofxUIDragableLabelButton.h">
			<Filter>addons\ofxUI-master\src</Filter>
		</ClInclude>
		<ClInclude Include="..\..\..\addons\ofxUI-master\src\ofxUIDropDownList.h">
			<Filter>addons\ofxUI-master\src</Filter>
		</ClInclude>
		<ClInclude Include="..\..\..\addons\ofxUI-master\src\ofxUIEventArgs.h">
			<Filter>addons\ofxUI-master\src</Filter>
		</ClInclude>
		<ClInclude Include="..\..\..\addons\ofxUI-master\src\ofxUIFPS.h">
			<Filter>addons\ofxUI-master\src</Filter>
		</ClInclude>
		<ClInclude Include="..\..\..\addons\ofxUI-master\src\ofxUIFPSSlider.h">
			<Filter>addons\ofxUI-master\src</Filter>
		</ClInclude>
		<ClInclude Include="..\..\..\addons\ofxUI-master\src\ofxUIImage.h">
			<Filter>addons\ofxUI-master\src</Filter>
		</ClInclude>
		<ClInclude Include="..\..\..\addons\ofxUI-master\src\ofxUIImageButton.h">
			<Filter>addons\ofxUI-master\src</Filter>
		</ClInclude>
		<ClInclude Include="..\..\..\addons\ofxUI-master\src\ofxUIImageSampler.h">
			<Filter>addons\ofxUI-master\src</Filter>
		</ClInclude>
		<ClInclude Include="..\..\..\addons\ofxUI-master\src\ofxUIImageSlider.h">
			<Filter>addons\ofxUI-master\src</Filter>
		</ClInclude>
		<ClInclude Include="..\..\..\addons\ofxUI-master\src\ofxUIImageToggle.h">
			<Filter>addons\ofxUI-master\src</Filter>
		</ClInclude>
		<ClInclude Include="..\..\..\addons\ofxUI-master\src\ofxUILabel.h">
			<Filter>addons\ofxUI-master\src</Filter>
		</ClInclude>
		<ClInclude Include="..\..\..\addons\ofxUI-master\src\ofxUILabelButton.h">
			<Filter>addons\ofxUI-master\src</Filter>
		</ClInclude>
		<ClInclude Include="..\..\..\addons\ofxUI-master\src\ofxUILabelToggle.h">
			<Filter>addons\ofxUI-master\src</Filter>
		</ClInclude>
		<ClInclude Include="..\..\..\addons\ofxUI-master\src\ofxUIMinimalSlider.h">
			<Filter>addons\ofxUI-master\src</Filter>
		</ClInclude>
		<ClInclude Include="..\..\..\addons\ofxUI-master\src\ofxUIMovingGraph.h">
			<Filter>addons\ofxUI-master\src</Filter>
		</ClInclude>
		<ClInclude Include="..\..\..\addons\ofxUI-master\src\ofxUIMultiImageButton.h">
			<Filter>addons\ofxUI-master\src</Filter>
		</ClInclude>
		<ClInclude Include="..\..\..\addons\ofxUI-master\src\ofxUIMultiImageToggle.h">
			<Filter>addons\ofxUI-master\src</Filter>
		</ClInclude>
		<ClInclude Include="..\..\..\addons\ofxUI-master\src\ofxUINumberDialer.h">
			<Filter>addons\ofxUI-master\src</Filter>
		</ClInclude>
		<ClInclude Include="..\..\..\addons\ofxUI-master\src\ofxUIOFWrapper.h">
			<Filter>addons\ofxUI-master\src</Filter>
		</ClInclude>
		<ClInclude Include="..\..\..\addons\ofxUI-master\src\ofxUIRadio.h">
			<Filter>addons\ofxUI-master\src</Filter>
		</ClInclude>
		<ClInclude Include="..\..\..\addons\ofxUI-master\src\ofxUIRangeSlider.h">
			<Filter>addons\ofxUI-master\src</Filter>
		</ClInclude>
		<ClInclude Include="..\..\..\addons\ofxUI-master\src\ofxUIRectangle.h">
			<Filter>addons\ofxUI-master\src</Filter>
		</ClInclude>
		<ClInclude Include="..\..\..\addons\ofxUI-master\src\ofxUIRotarySlider.h">
			<Filter>addons\ofxUI-master\src</Filter>
		</ClInclude>
		<ClInclude Include="..\..\..\addons\ofxUI-master\src\ofxUIScrollableCanvas.h">
			<Filter>addons\ofxUI-master\src</Filter>
		</ClInclude>
		<ClInclude Include="..\..\..\addons\ofxUI-master\src\ofxUISlider.h">
			<Filter>addons\ofxUI-master\src</Filter>
		</ClInclude>
		<ClInclude Include="..\..\..\addons\ofxUI-master\src\ofxUISortableList.h">
			<Filter>addons\ofxUI-master\src</Filter>
		</ClInclude>
		<ClInclude Include="..\..\..\addons\ofxUI-master\src\ofxUISpacer.h">
			<Filter>addons\ofxUI-master\src</Filter>
		</ClInclude>
		<ClInclude Include="..\..\..\addons\ofxUI-master\src\ofxUISpectrum.h">
			<Filter>addons\ofxUI-master\src</Filter>
		</ClInclude>
		<ClInclude Include="..\..\..\addons\ofxUI-master\src\ofxUISuperCanvas.h">
			<Filter>addons\ofxUI-master\src</Filter>
		</ClInclude>
		<ClInclude Include="..\..\..\addons\ofxUI-master\src\ofxUITabBar.h">
			<Filter>addons\ofxUI-master\src</Filter>
		</ClInclude>
		<ClInclude Include="..\..\..\addons\ofxUI-master\src\ofxUITextArea.h">
			<Filter>addons\ofxUI-master\src</Filter>
		</ClInclude>
		<ClInclude Include="..\..\..\addons\ofxUI-master\src\ofxUITextInput.h">
			<Filter>addons\ofxUI-master\src</Filter>
		</ClInclude>
		<ClInclude Include="..\..\..\addons\ofxUI-master\src\ofxUIToggle.h">
			<Filter>addons\ofxUI-master\src</Filter>
		</ClInclude>
		<ClInclude Include="..\..\..\addons\ofxUI-master\src\ofxUIToggleMatrix.h">
			<Filter>addons\ofxUI-master\src</Filter>
		</ClInclude>
		<ClInclude Include="..\..\..\addons\ofxUI-master\src\ofxUIUtils.h">
			<Filter>addons\ofxUI-master\src</Filter>
		</ClInclude>
		<ClInclude Include="..\..\..\addons\ofxUI-master\src\ofxUIValuePlotter.h">
			<Filter>addons\ofxUI-master\src</Filter>
		</ClInclude>
		<ClInclude Include="..\..\..\addons\ofxUI-master\src\ofxUIWaveform.h">
			<Filter>addons\ofxUI-master\src</Filter>
		</ClInclude>
		<ClInclude Include="..\..\..\addons\ofxUI-master\src\ofxUIWidget.h">
			<Filter>addons\ofxUI-master\src</Filter>
		</ClInclude>
		<ClInclude Include="..\..\..\addons\ofxUI-master\src\ofxUIWidgets.h">
			<Filter>addons\ofxUI-master\src</Filter>
		</ClInclude>
		<ClInclude Include="..\..\..\addons\ofxUI-master\src\ofxUIWidgetWithLabel.h">
			<Filter>addons\ofxUI-master\src</Filter>
		</ClInclude>
		<ClInclude Include="..\..\..\addons\ofxUI-master\src\ofxUIWrapper.h">
			<Filter>addons\ofxUI-master\src</Filter>
		</ClInclude>
		<ClInclude Include="..\..\..\addons\ofxXmlSettings\src\ofxXmlSettings.h">
			<Filter>addons\ofxXmlSettings\src</Filter>
		</ClInclude>
		<ClInclude Include="..\..\..\addons\ofxXmlSettings\libs\tinyxml.h">
			<Filter>addons\ofxXmlSettings\libs</Filter>
		</ClInclude>
	</ItemGroup>
	<ItemGroup>
		<ResourceCompile Include="icon.rc" />
	</ItemGroup>
</Project>
